
Microsoft Visual Studio Solution File, Format Version 12.00
# Visual Studio Version 17
VisualStudioVersion = 17.0.31903.59
MinimumVisualStudioVersion = 10.0.40219.1
Project("{2150E333-8FDC-42A3-9474-1A3956D46DE8}") = "src", "src", "{F943D6BD-1097-4D6B-BC5C-8CD809269A9C}"
EndProject
Project("{FAE04EC0-301F-11D3-BF4B-00C04F79EFBC}") = "NexusPOS.SharedKernel", "src\NexusPOS.SharedKernel\NexusPOS.SharedKernel.csproj", "{CE91899E-4345-49EC-8887-3A140B97560E}"
EndProject
Project("{FAE04EC0-301F-11D3-BF4B-00C04F79EFBC}") = "NexusPOS.Api", "src\NexusPOS.Api\NexusPOS.Api.csproj", "{E2D59268-8873-492F-A384-74815B4F0497}"
EndProject
Project("{2150E333-8FDC-42A3-9474-1A3956D46DE8}") = "Modules", "Modules", "{3C1227E9-9A9C-47D4-9990-DBDE6AF99EC3}"
EndProject
Project("{2150E333-8FDC-42A3-9474-1A3956D46DE8}") = "IAM", "IAM", "{5717DB6F-DADF-4442-A945-7572D9DF9033}"
EndProject
Project("{FAE04EC0-301F-11D3-BF4B-00C04F79EFBC}") = "NexusPOS.IAM", "src\Modules\IAM\NexusPOS.IAM\NexusPOS.IAM.csproj", "{B61EBAE3-E83A-404E-BA88-6DABD9F1B648}"
EndProject
Project("{2150E333-8FDC-42A3-9474-1A3956D46DE8}") = "Organization", "Organization", "{21B646AF-FE3A-45CA-9C28-812870549D36}"
EndProject
Project("{FAE04EC0-301F-11D3-BF4B-00C04F79EFBC}") = "NexusPOS.Organization", "src\Modules\Organization\NexusPOS.Organization\NexusPOS.Organization.csproj", "{CD7054A2-8A4E-4291-AC10-D72AC0DF6C80}"
EndProject
Project("{2150E333-8FDC-42A3-9474-1A3956D46DE8}") = "Catalog", "Catalog", "{F07E6E27-11E9-45E1-AE21-73037E400D2F}"
EndProject
Project("{FAE04EC0-301F-11D3-BF4B-00C04F79EFBC}") = "NexusPOS.Catalog", "src\Modules\Catalog\NexusPOS.Catalog\NexusPOS.Catalog.csproj", "{852A1CFC-08C8-468C-93DD-5B43577EC1F2}"
EndProject
Project("{2150E333-8FDC-42A3-9474-1A3956D46DE8}") = "Inventory", "Inventory", "{AD8169AB-C097-42B6-95D9-155E68582389}"
EndProject
Project("{FAE04EC0-301F-11D3-BF4B-00C04F79EFBC}") = "NexusPOS.Inventory", "src\Modules\Inventory\NexusPOS.Inventory\NexusPOS.Inventory.csproj", "{17A601D2-B2B9-476B-B752-3EE771F2D0AC}"
EndProject
Project("{2150E333-8FDC-42A3-9474-1A3956D46DE8}") = "POS", "POS", "{AB0EB4DC-3223-49F8-BFCD-CBD2CC6026F7}"
EndProject
Project("{FAE04EC0-301F-11D3-BF4B-00C04F79EFBC}") = "NexusPOS.POS", "src\Modules\POS\NexusPOS.POS\NexusPOS.POS.csproj", "{907861B3-F3FE-416A-A8E7-44A063354FA4}"
EndProject
Project("{2150E333-8FDC-42A3-9474-1A3956D46DE8}") = "Sales", "Sales", "{2E1DF505-C889-44B1-94CC-71D7A24DF5CC}"
EndProject
Project("{FAE04EC0-301F-11D3-BF4B-00C04F79EFBC}") = "NexusPOS.Sales", "src\Modules\Sales\NexusPOS.Sales\NexusPOS.Sales.csproj", "{34B6CFCD-5353-4FA0-B4EB-FDF60EDA7D78}"
EndProject
Project("{2150E333-8FDC-42A3-9474-1A3956D46DE8}") = "Purchasing", "Purchasing", "{581EE8A1-2067-4CA9-BA0B-CBDC38ACB55D}"
EndProject
Project("{FAE04EC0-301F-11D3-BF4B-00C04F79EFBC}") = "NexusPOS.Purchasing", "src\Modules\Purchasing\NexusPOS.Purchasing\NexusPOS.Purchasing.csproj", "{BF613E60-C379-4780-8506-A88E0A303ABC}"
EndProject
Project("{2150E333-8FDC-42A3-9474-1A3956D46DE8}") = "CRM", "CRM", "{1F181E93-31C4-4CF4-8EBA-3CC8453BBC24}"
EndProject
Project("{FAE04EC0-301F-11D3-BF4B-00C04F79EFBC}") = "NexusPOS.CRM", "src\Modules\CRM\NexusPOS.CRM\NexusPOS.CRM.csproj", "{D561D7D2-CD04-4C9A-82E7-FFA61593D61D}"
EndProject
Project("{2150E333-8FDC-42A3-9474-1A3956D46DE8}") = "Finance", "Finance", "{7C6A57DF-7C88-4794-BFF5-1BBC1B4D0256}"
EndProject
Project("{FAE04EC0-301F-11D3-BF4B-00C04F79EFBC}") = "NexusPOS.Finance", "src\Modules\Finance\NexusPOS.Finance\NexusPOS.Finance.csproj", "{471B510B-9A01-48DA-96AC-7F587B70E095}"
EndProject
Project("{2150E333-8FDC-42A3-9474-1A3956D46DE8}") = "Restaurant", "Restaurant", "{393DB957-46F3-4F97-A237-6338BCB1CD08}"
EndProject
Project("{FAE04EC0-301F-11D3-BF4B-00C04F79EFBC}") = "NexusPOS.Restaurant", "src\Modules\Restaurant\NexusPOS.Restaurant\NexusPOS.Restaurant.csproj", "{74CD7748-64D0-4577-9459-D1C11202F91A}"
EndProject
Project("{2150E333-8FDC-42A3-9474-1A3956D46DE8}") = "Hotel", "Hotel", "{4F050533-D02F-415D-BE97-2623EE5F7169}"
EndProject
Project("{FAE04EC0-301F-11D3-BF4B-00C04F79EFBC}") = "NexusPOS.Hotel", "src\Modules\Hotel\NexusPOS.Hotel\NexusPOS.Hotel.csproj", "{DCC2254F-31A6-4B0F-A103-BA27B4B62CE7}"
EndProject
Project("{2150E333-8FDC-42A3-9474-1A3956D46DE8}") = "Gaming", "Gaming", "{5E9E90E7-3188-458D-9AC8-B1FD98B7CD19}"
EndProject
Project("{FAE04EC0-301F-11D3-BF4B-00C04F79EFBC}") = "NexusPOS.Gaming", "src\Modules\Gaming\NexusPOS.Gaming\NexusPOS.Gaming.csproj", "{C8691066-E97C-4C55-BE07-96ED96E18D83}"
EndProject
Project("{2150E333-8FDC-42A3-9474-1A3956D46DE8}") = "tests", "tests", "{F507BFC4-AA66-45F0-97D5-9448479EC83F}"
EndProject
Project("{2150E333-8FDC-42A3-9474-1A3956D46DE8}") = "unit", "unit", "{EB989891-35DC-45C7-BA71-4D49B4EB7462}"
EndProject
Project("{FAE04EC0-301F-11D3-BF4B-00C04F79EFBC}") = "NexusPOS.SharedKernel.UnitTests", "tests\unit\NexusPOS.SharedKernel.UnitTests\NexusPOS.SharedKernel.UnitTests.csproj", "{043D71A5-2FD2-4EFA-A45A-3CF0D57ABAA0}"
EndProject
Project("{FAE04EC0-301F-11D3-BF4B-00C04F79EFBC}") = "NexusPOS.IAM.UnitTests", "tests\unit\NexusPOS.IAM.UnitTests\NexusPOS.IAM.UnitTests.csproj", "{57C629E3-6B41-4EC1-8E8C-2F0A52FED6BA}"
EndProject
Project("{2150E333-8FDC-42A3-9474-1A3956D46DE8}") = "integration", "integration", "{1CC53D58-3EE7-4F15-B2A5-FD7EC473A43D}"
EndProject
Project("{FAE04EC0-301F-11D3-BF4B-00C04F79EFBC}") = "NexusPOS.Api.IntegrationTests", "tests\integration\NexusPOS.Api.IntegrationTests\NexusPOS.Api.IntegrationTests.csproj", "{7CE64E37-62E4-4E3F-BDFE-7627AAD06B02}"
EndProject
Project("{2150E333-8FDC-42A3-9474-1A3956D46DE8}") = "architecture", "architecture", "{F1537D0C-E01E-4BD5-95B7-889283962FDA}"
EndProject
Project("{FAE04EC0-301F-11D3-BF4B-00C04F79EFBC}") = "NexusPOS.ArchitectureTests", "tests\architecture\NexusPOS.ArchitectureTests\NexusPOS.ArchitectureTests.csproj", "{2CCFB290-FCE6-4459-85FE-399083F75966}"
EndProject
Project("{FAE04EC0-301F-11D3-BF4B-00C04F79EFBC}") = "NexusPOS.Organization.UnitTests", "tests\unit\NexusPOS.Organization.UnitTests\NexusPOS.Organization.UnitTests.csproj", "{5252C15C-504C-4A92-8F36-00351EE1C443}"
EndProject
Project("{FAE04EC0-301F-11D3-BF4B-00C04F79EFBC}") = "NexusPOS.Catalog.UnitTests", "tests\unit\NexusPOS.Catalog.UnitTests\NexusPOS.Catalog.UnitTests.csproj", "{56B87BA9-1202-4473-8F10-F0CE9D4D6279}"
EndProject
Project("{FAE04EC0-301F-11D3-BF4B-00C04F79EFBC}") = "NexusPOS.Inventory.UnitTests", "tests\unit\NexusPOS.Inventory.UnitTests\NexusPOS.Inventory.UnitTests.csproj", "{1DE5A761-2BED-4D14-BDAB-26C758BF1FFE}"
EndProject
Project("{FAE04EC0-301F-11D3-BF4B-00C04F79EFBC}") = "NexusPOS.POS.UnitTests", "tests\unit\NexusPOS.POS.UnitTests\NexusPOS.POS.UnitTests.csproj", "{6CF665D5-A592-4DC8-9799-EE8BC0F54D23}"
EndProject
Project("{FAE04EC0-301F-11D3-BF4B-00C04F79EFBC}") = "NexusPOS.Sales.UnitTests", "tests\unit\NexusPOS.Sales.UnitTests\NexusPOS.Sales.UnitTests.csproj", "{D144CF2D-CF02-482D-94EA-C997342852E0}"
EndProject
Project("{FAE04EC0-301F-11D3-BF4B-00C04F79EFBC}") = "NexusPOS.Purchasing.UnitTests", "tests\unit\NexusPOS.Purchasing.UnitTests\NexusPOS.Purchasing.UnitTests.csproj", "{71FD9304-A02F-4E14-BD90-B5CA505A3A20}"
EndProject
Project("{FAE04EC0-301F-11D3-BF4B-00C04F79EFBC}") = "NexusPOS.CRM.UnitTests", "tests\unit\NexusPOS.CRM.UnitTests\NexusPOS.CRM.UnitTests.csproj", "{B91FA15C-0C3C-4947-8B38-C3EF4DB4EC92}"
EndProject
Project("{FAE04EC0-301F-11D3-BF4B-00C04F79EFBC}") = "NexusPOS.Finance.UnitTests", "tests\unit\NexusPOS.Finance.UnitTests\NexusPOS.Finance.UnitTests.csproj", "{6FA78183-AE51-4018-8011-4B4703286B84}"
EndProject
Project("{FAE04EC0-301F-11D3-BF4B-00C04F79EFBC}") = "NexusPOS.Restaurant.UnitTests", "tests\unit\NexusPOS.Restaurant.UnitTests\NexusPOS.Restaurant.UnitTests.csproj", "{AB2B5236-4536-44D4-84EF-A88190AD52A3}"
EndProject
Project("{FAE04EC0-301F-11D3-BF4B-00C04F79EFBC}") = "NexusPOS.Hotel.UnitTests", "tests\unit\NexusPOS.Hotel.UnitTests\NexusPOS.Hotel.UnitTests.csproj", "{055D53CE-62BC-4A94-AD42-BD352C42C66F}"
EndProject
Project("{FAE04EC0-301F-11D3-BF4B-00C04F79EFBC}") = "NexusPOS.Gaming.UnitTests", "tests\unit\NexusPOS.Gaming.UnitTests\NexusPOS.Gaming.UnitTests.csproj", "{15F5C03B-D264-47C3-8858-B1259DA117DB}"
EndProject
Global
	GlobalSection(SolutionConfigurationPlatforms) = preSolution
		Debug|Any CPU = Debug|Any CPU
		Release|Any CPU = Release|Any CPU
	EndGlobalSection
	GlobalSection(SolutionProperties) = preSolution
		HideSolutionNode = FALSE
	EndGlobalSection
	GlobalSection(ProjectConfigurationPlatforms) = postSolution
		{CE91899E-4345-49EC-8887-3A140B97560E}.Debug|Any CPU.ActiveCfg = Debug|Any CPU
		{CE91899E-4345-49EC-8887-3A140B97560E}.Debug|Any CPU.Build.0 = Debug|Any CPU
		{CE91899E-4345-49EC-8887-3A140B97560E}.Release|Any CPU.ActiveCfg = Release|Any CPU
		{CE91899E-4345-49EC-8887-3A140B97560E}.Release|Any CPU.Build.0 = Release|Any CPU
		{E2D59268-8873-492F-A384-74815B4F0497}.Debug|Any CPU.ActiveCfg = Debug|Any CPU
		{E2D59268-8873-492F-A384-74815B4F0497}.Debug|Any CPU.Build.0 = Debug|Any CPU
		{E2D59268-8873-492F-A384-74815B4F0497}.Release|Any CPU.ActiveCfg = Release|Any CPU
		{E2D59268-8873-492F-A384-74815B4F0497}.Release|Any CPU.Build.0 = Release|Any CPU
		{B61EBAE3-E83A-404E-BA88-6DABD9F1B648}.Debug|Any CPU.ActiveCfg = Debug|Any CPU
		{B61EBAE3-E83A-404E-BA88-6DABD9F1B648}.Debug|Any CPU.Build.0 = Debug|Any CPU
		{B61EBAE3-E83A-404E-BA88-6DABD9F1B648}.Release|Any CPU.ActiveCfg = Release|Any CPU
		{B61EBAE3-E83A-404E-BA88-6DABD9F1B648}.Release|Any CPU.Build.0 = Release|Any CPU
		{CD7054A2-8A4E-4291-AC10-D72AC0DF6C80}.Debug|Any CPU.ActiveCfg = Debug|Any CPU
		{CD7054A2-8A4E-4291-AC10-D72AC0DF6C80}.Debug|Any CPU.Build.0 = Debug|Any CPU
		{CD7054A2-8A4E-4291-AC10-D72AC0DF6C80}.Release|Any CPU.ActiveCfg = Release|Any CPU
		{CD7054A2-8A4E-4291-AC10-D72AC0DF6C80}.Release|Any CPU.Build.0 = Release|Any CPU
		{852A1CFC-08C8-468C-93DD-5B43577EC1F2}.Debug|Any CPU.ActiveCfg = Debug|Any CPU
		{852A1CFC-08C8-468C-93DD-5B43577EC1F2}.Debug|Any CPU.Build.0 = Debug|Any CPU
		{852A1CFC-08C8-468C-93DD-5B43577EC1F2}.Release|Any CPU.ActiveCfg = Release|Any CPU
		{852A1CFC-08C8-468C-93DD-5B43577EC1F2}.Release|Any CPU.Build.0 = Release|Any CPU
		{17A601D2-B2B9-476B-B752-3EE771F2D0AC}.Debug|Any CPU.ActiveCfg = Debug|Any CPU
		{17A601D2-B2B9-476B-B752-3EE771F2D0AC}.Debug|Any CPU.Build.0 = Debug|Any CPU
		{17A601D2-B2B9-476B-B752-3EE771F2D0AC}.Release|Any CPU.ActiveCfg = Release|Any CPU
		{17A601D2-B2B9-476B-B752-3EE771F2D0AC}.Release|Any CPU.Build.0 = Release|Any CPU
		{907861B3-F3FE-416A-A8E7-44A063354FA4}.Debug|Any CPU.ActiveCfg = Debug|Any CPU
		{907861B3-F3FE-416A-A8E7-44A063354FA4}.Debug|Any CPU.Build.0 = Debug|Any CPU
		{907861B3-F3FE-416A-A8E7-44A063354FA4}.Release|Any CPU.ActiveCfg = Release|Any CPU
		{907861B3-F3FE-416A-A8E7-44A063354FA4}.Release|Any CPU.Build.0 = Release|Any CPU
		{34B6CFCD-5353-4FA0-B4EB-FDF60EDA7D78}.Debug|Any CPU.ActiveCfg = Debug|Any CPU
		{34B6CFCD-5353-4FA0-B4EB-FDF60EDA7D78}.Debug|Any CPU.Build.0 = Debug|Any CPU
		{34B6CFCD-5353-4FA0-B4EB-FDF60EDA7D78}.Release|Any CPU.ActiveCfg = Release|Any CPU
		{34B6CFCD-5353-4FA0-B4EB-FDF60EDA7D78}.Release|Any CPU.Build.0 = Release|Any CPU
		{BF613E60-C379-4780-8506-A88E0A303ABC}.Debug|Any CPU.ActiveCfg = Debug|Any CPU
		{BF613E60-C379-4780-8506-A88E0A303ABC}.Debug|Any CPU.Build.0 = Debug|Any CPU
		{BF613E60-C379-4780-8506-A88E0A303ABC}.Release|Any CPU.ActiveCfg = Release|Any CPU
		{BF613E60-C379-4780-8506-A88E0A303ABC}.Release|Any CPU.Build.0 = Release|Any CPU
		{D561D7D2-CD04-4C9A-82E7-FFA61593D61D}.Debug|Any CPU.ActiveCfg = Debug|Any CPU
		{D561D7D2-CD04-4C9A-82E7-FFA61593D61D}.Debug|Any CPU.Build.0 = Debug|Any CPU
		{D561D7D2-CD04-4C9A-82E7-FFA61593D61D}.Release|Any CPU.ActiveCfg = Release|Any CPU
		{D561D7D2-CD04-4C9A-82E7-FFA61593D61D}.Release|Any CPU.Build.0 = Release|Any CPU
		{471B510B-9A01-48DA-96AC-7F587B70E095}.Debug|Any CPU.ActiveCfg = Debug|Any CPU
		{471B510B-9A01-48DA-96AC-7F587B70E095}.Debug|Any CPU.Build.0 = Debug|Any CPU
		{471B510B-9A01-48DA-96AC-7F587B70E095}.Release|Any CPU.ActiveCfg = Release|Any CPU
		{471B510B-9A01-48DA-96AC-7F587B70E095}.Release|Any CPU.Build.0 = Release|Any CPU
		{74CD7748-64D0-4577-9459-D1C11202F91A}.Debug|Any CPU.ActiveCfg = Debug|Any CPU
		{74CD7748-64D0-4577-9459-D1C11202F91A}.Debug|Any CPU.Build.0 = Debug|Any CPU
		{74CD7748-64D0-4577-9459-D1C11202F91A}.Release|Any CPU.ActiveCfg = Release|Any CPU
		{74CD7748-64D0-4577-9459-D1C11202F91A}.Release|Any CPU.Build.0 = Release|Any CPU
		{DCC2254F-31A6-4B0F-A103-BA27B4B62CE7}.Debug|Any CPU.ActiveCfg = Debug|Any CPU
		{DCC2254F-31A6-4B0F-A103-BA27B4B62CE7}.Debug|Any CPU.Build.0 = Debug|Any CPU
		{DCC2254F-31A6-4B0F-A103-BA27B4B62CE7}.Release|Any CPU.ActiveCfg = Release|Any CPU
		{DCC2254F-31A6-4B0F-A103-BA27B4B62CE7}.Release|Any CPU.Build.0 = Release|Any CPU
		{C8691066-E97C-4C55-BE07-96ED96E18D83}.Debug|Any CPU.ActiveCfg = Debug|Any CPU
		{C8691066-E97C-4C55-BE07-96ED96E18D83}.Debug|Any CPU.Build.0 = Debug|Any CPU
		{C8691066-E97C-4C55-BE07-96ED96E18D83}.Release|Any CPU.ActiveCfg = Release|Any CPU
		{C8691066-E97C-4C55-BE07-96ED96E18D83}.Release|Any CPU.Build.0 = Release|Any CPU
		{043D71A5-2FD2-4EFA-A45A-3CF0D57ABAA0}.Debug|Any CPU.ActiveCfg = Debug|Any CPU
		{043D71A5-2FD2-4EFA-A45A-3CF0D57ABAA0}.Debug|Any CPU.Build.0 = Debug|Any CPU
		{043D71A5-2FD2-4EFA-A45A-3CF0D57ABAA0}.Release|Any CPU.ActiveCfg = Release|Any CPU
		{043D71A5-2FD2-4EFA-A45A-3CF0D57ABAA0}.Release|Any CPU.Build.0 = Release|Any CPU
		{57C629E3-6B41-4EC1-8E8C-2F0A52FED6BA}.Debug|Any CPU.ActiveCfg = Debug|Any CPU
		{57C629E3-6B41-4EC1-8E8C-2F0A52FED6BA}.Debug|Any CPU.Build.0 = Debug|Any CPU
		{57C629E3-6B41-4EC1-8E8C-2F0A52FED6BA}.Release|Any CPU.ActiveCfg = Release|Any CPU
		{57C629E3-6B41-4EC1-8E8C-2F0A52FED6BA}.Release|Any CPU.Build.0 = Release|Any CPU
		{7CE64E37-62E4-4E3F-BDFE-7627AAD06B02}.Debug|Any CPU.ActiveCfg = Debug|Any CPU
		{7CE64E37-62E4-4E3F-BDFE-7627AAD06B02}.Debug|Any CPU.Build.0 = Debug|Any CPU
		{7CE64E37-62E4-4E3F-BDFE-7627AAD06B02}.Release|Any CPU.ActiveCfg = Release|Any CPU
		{7CE64E37-62E4-4E3F-BDFE-7627AAD06B02}.Release|Any CPU.Build.0 = Release|Any CPU
		{2CCFB290-FCE6-4459-85FE-399083F75966}.Debug|Any CPU.ActiveCfg = Debug|Any CPU
		{2CCFB290-FCE6-4459-85FE-399083F75966}.Debug|Any CPU.Build.0 = Debug|Any CPU
		{2CCFB290-FCE6-4459-85FE-399083F75966}.Release|Any CPU.ActiveCfg = Release|Any CPU
		{2CCFB290-FCE6-4459-85FE-399083F75966}.Release|Any CPU.Build.0 = Release|Any CPU
		{5252C15C-504C-4A92-8F36-00351EE1C443}.Debug|Any CPU.ActiveCfg = Debug|Any CPU
		{5252C15C-504C-4A92-8F36-00351EE1C443}.Debug|Any CPU.Build.0 = Debug|Any CPU
		{5252C15C-504C-4A92-8F36-00351EE1C443}.Release|Any CPU.ActiveCfg = Release|Any CPU
		{5252C15C-504C-4A92-8F36-00351EE1C443}.Release|Any CPU.Build.0 = Release|Any CPU
		{56B87BA9-1202-4473-8F10-F0CE9D4D6279}.Debug|Any CPU.ActiveCfg = Debug|Any CPU
		{56B87BA9-1202-4473-8F10-F0CE9D4D6279}.Debug|Any CPU.Build.0 = Debug|Any CPU
		{56B87BA9-1202-4473-8F10-F0CE9D4D6279}.Release|Any CPU.ActiveCfg = Release|Any CPU
		{56B87BA9-1202-4473-8F10-F0CE9D4D6279}.Release|Any CPU.Build.0 = Release|Any CPU
		{1DE5A761-2BED-4D14-BDAB-26C758BF1FFE}.Debug|Any CPU.ActiveCfg = Debug|Any CPU
		{1DE5A761-2BED-4D14-BDAB-26C758BF1FFE}.Debug|Any CPU.Build.0 = Debug|Any CPU
		{1DE5A761-2BED-4D14-BDAB-26C758BF1FFE}.Release|Any CPU.ActiveCfg = Release|Any CPU
		{1DE5A761-2BED-4D14-BDAB-26C758BF1FFE}.Release|Any CPU.Build.0 = Release|Any CPU
		{6CF665D5-A592-4DC8-9799-EE8BC0F54D23}.Debug|Any CPU.ActiveCfg = Debug|Any CPU
		{6CF665D5-A592-4DC8-9799-EE8BC0F54D23}.Debug|Any CPU.Build.0 = Debug|Any CPU
		{6CF665D5-A592-4DC8-9799-EE8BC0F54D23}.Release|Any CPU.ActiveCfg = Release|Any CPU
		{6CF665D5-A592-4DC8-9799-EE8BC0F54D23}.Release|Any CPU.Build.0 = Release|Any CPU
		{D144CF2D-CF02-482D-94EA-C997342852E0}.Debug|Any CPU.ActiveCfg = Debug|Any CPU
		{D144CF2D-CF02-482D-94EA-C997342852E0}.Debug|Any CPU.Build.0 = Debug|Any CPU
		{D144CF2D-CF02-482D-94EA-C997342852E0}.Release|Any CPU.ActiveCfg = Release|Any CPU
		{D144CF2D-CF02-482D-94EA-C997342852E0}.Release|Any CPU.Build.0 = Release|Any CPU
		{71FD9304-A02F-4E14-BD90-B5CA505A3A20}.Debug|Any CPU.ActiveCfg = Debug|Any CPU
		{71FD9304-A02F-4E14-BD90-B5CA505A3A20}.Debug|Any CPU.Build.0 = Debug|Any CPU
		{71FD9304-A02F-4E14-BD90-B5CA505A3A20}.Release|Any CPU.ActiveCfg = Release|Any CPU
		{71FD9304-A02F-4E14-BD90-B5CA505A3A20}.Release|Any CPU.Build.0 = Release|Any CPU
		{B91FA15C-0C3C-4947-8B38-C3EF4DB4EC92}.Debug|Any CPU.ActiveCfg = Debug|Any CPU
		{B91FA15C-0C3C-4947-8B38-C3EF4DB4EC92}.Debug|Any CPU.Build.0 = Debug|Any CPU
		{B91FA15C-0C3C-4947-8B38-C3EF4DB4EC92}.Release|Any CPU.ActiveCfg = Release|Any CPU
		{B91FA15C-0C3C-4947-8B38-C3EF4DB4EC92}.Release|Any CPU.Build.0 = Release|Any CPU
		{6FA78183-AE51-4018-8011-4B4703286B84}.Debug|Any CPU.ActiveCfg = Debug|Any CPU
		{6FA78183-AE51-4018-8011-4B4703286B84}.Debug|Any CPU.Build.0 = Debug|Any CPU
		{6FA78183-AE51-4018-8011-4B4703286B84}.Release|Any CPU.ActiveCfg = Release|Any CPU
		{6FA78183-AE51-4018-8011-4B4703286B84}.Release|Any CPU.Build.0 = Release|Any CPU
		{AB2B5236-4536-44D4-84EF-A88190AD52A3}.Debug|Any CPU.ActiveCfg = Debug|Any CPU
		{AB2B5236-4536-44D4-84EF-A88190AD52A3}.Debug|Any CPU.Build.0 = Debug|Any CPU
		{AB2B5236-4536-44D4-84EF-A88190AD52A3}.Release|Any CPU.ActiveCfg = Release|Any CPU
		{AB2B5236-4536-44D4-84EF-A88190AD52A3}.Release|Any CPU.Build.0 = Release|Any CPU
		{055D53CE-62BC-4A94-AD42-BD352C42C66F}.Debug|Any CPU.ActiveCfg = Debug|Any CPU
		{055D53CE-62BC-4A94-AD42-BD352C42C66F}.Debug|Any CPU.Build.0 = Debug|Any CPU
		{055D53CE-62BC-4A94-AD42-BD352C42C66F}.Release|Any CPU.ActiveCfg = Release|Any CPU
		{055D53CE-62BC-4A94-AD42-BD352C42C66F}.Release|Any CPU.Build.0 = Release|Any CPU
		{15F5C03B-D264-47C3-8858-B1259DA117DB}.Debug|Any CPU.ActiveCfg = Debug|Any CPU
		{15F5C03B-D264-47C3-8858-B1259DA117DB}.Debug|Any CPU.Build.0 = Debug|Any CPU
		{15F5C03B-D264-47C3-8858-B1259DA117DB}.Release|Any CPU.ActiveCfg = Release|Any CPU
		{15F5C03B-D264-47C3-8858-B1259DA117DB}.Release|Any CPU.Build.0 = Release|Any CPU
	EndGlobalSection
	GlobalSection(NestedProjects) = preSolution
		{CE91899E-4345-49EC-8887-3A140B97560E} = {F943D6BD-1097-4D6B-BC5C-8CD809269A9C}
		{E2D59268-8873-492F-A384-74815B4F0497} = {F943D6BD-1097-4D6B-BC5C-8CD809269A9C}
		{3C1227E9-9A9C-47D4-9990-DBDE6AF99EC3} = {F943D6BD-1097-4D6B-BC5C-8CD809269A9C}
		{5717DB6F-DADF-4442-A945-7572D9DF9033} = {3C1227E9-9A9C-47D4-9990-DBDE6AF99EC3}
		{B61EBAE3-E83A-404E-BA88-6DABD9F1B648} = {5717DB6F-DADF-4442-A945-7572D9DF9033}
		{21B646AF-FE3A-45CA-9C28-812870549D36} = {3C1227E9-9A9C-47D4-9990-DBDE6AF99EC3}
		{CD7054A2-8A4E-4291-AC10-D72AC0DF6C80} = {21B646AF-FE3A-45CA-9C28-812870549D36}
		{F07E6E27-11E9-45E1-AE21-73037E400D2F} = {3C1227E9-9A9C-47D4-9990-DBDE6AF99EC3}
		{852A1CFC-08C8-468C-93DD-5B43577EC1F2} = {F07E6E27-11E9-45E1-AE21-73037E400D2F}
		{AD8169AB-C097-42B6-95D9-155E68582389} = {3C1227E9-9A9C-47D4-9990-DBDE6AF99EC3}
		{17A601D2-B2B9-476B-B752-3EE771F2D0AC} = {AD8169AB-C097-42B6-95D9-155E68582389}
		{AB0EB4DC-3223-49F8-BFCD-CBD2CC6026F7} = {3C1227E9-9A9C-47D4-9990-DBDE6AF99EC3}
		{907861B3-F3FE-416A-A8E7-44A063354FA4} = {AB0EB4DC-3223-49F8-BFCD-CBD2CC6026F7}
		{2E1DF505-C889-44B1-94CC-71D7A24DF5CC} = {3C1227E9-9A9C-47D4-9990-DBDE6AF99EC3}
		{34B6CFCD-5353-4FA0-B4EB-FDF60EDA7D78} = {2E1DF505-C889-44B1-94CC-71D7A24DF5CC}
		{581EE8A1-2067-4CA9-BA0B-CBDC38ACB55D} = {3C1227E9-9A9C-47D4-9990-DBDE6AF99EC3}
		{BF613E60-C379-4780-8506-A88E0A303ABC} = {581EE8A1-2067-4CA9-BA0B-CBDC38ACB55D}
		{1F181E93-31C4-4CF4-8EBA-3CC8453BBC24} = {3C1227E9-9A9C-47D4-9990-DBDE6AF99EC3}
		{D561D7D2-CD04-4C9A-82E7-FFA61593D61D} = {1F181E93-31C4-4CF4-8EBA-3CC8453BBC24}
		{7C6A57DF-7C88-4794-BFF5-1BBC1B4D0256} = {3C1227E9-9A9C-47D4-9990-DBDE6AF99EC3}
		{471B510B-9A01-48DA-96AC-7F587B70E095} = {7C6A57DF-7C88-4794-BFF5-1BBC1B4D0256}
		{393DB957-46F3-4F97-A237-6338BCB1CD08} = {3C1227E9-9A9C-47D4-9990-DBDE6AF99EC3}
		{74CD7748-64D0-4577-9459-D1C11202F91A} = {393DB957-46F3-4F97-A237-6338BCB1CD08}
		{4F050533-D02F-415D-BE97-2623EE5F7169} = {3C1227E9-9A9C-47D4-9990-DBDE6AF99EC3}
		{DCC2254F-31A6-4B0F-A103-BA27B4B62CE7} = {4F050533-D02F-415D-BE97-2623EE5F7169}
		{5E9E90E7-3188-458D-9AC8-B1FD98B7CD19} = {3C1227E9-9A9C-47D4-9990-DBDE6AF99EC3}
		{C8691066-E97C-4C55-BE07-96ED96E18D83} = {5E9E90E7-3188-458D-9AC8-B1FD98B7CD19}
		{EB989891-35DC-45C7-BA71-4D49B4EB7462} = {F507BFC4-AA66-45F0-97D5-9448479EC83F}
		{043D71A5-2FD2-4EFA-A45A-3CF0D57ABAA0} = {EB989891-35DC-45C7-BA71-4D49B4EB7462}
		{57C629E3-6B41-4EC1-8E8C-2F0A52FED6BA} = {EB989891-35DC-45C7-BA71-4D49B4EB7462}
		{1CC53D58-3EE7-4F15-B2A5-FD7EC473A43D} = {F507BFC4-AA66-45F0-97D5-9448479EC83F}
		{7CE64E37-62E4-4E3F-BDFE-7627AAD06B02} = {1CC53D58-3EE7-4F15-B2A5-FD7EC473A43D}
		{F1537D0C-E01E-4BD5-95B7-889283962FDA} = {F507BFC4-AA66-45F0-97D5-9448479EC83F}
		{2CCFB290-FCE6-4459-85FE-399083F75966} = {F1537D0C-E01E-4BD5-95B7-889283962FDA}
		{5252C15C-504C-4A92-8F36-00351EE1C443} = {EB989891-35DC-45C7-BA71-4D49B4EB7462}
		{56B87BA9-1202-4473-8F10-F0CE9D4D6279} = {EB989891-35DC-45C7-BA71-4D49B4EB7462}
		{1DE5A761-2BED-4D14-BDAB-26C758BF1FFE} = {EB989891-35DC-45C7-BA71-4D49B4EB7462}
		{6CF665D5-A592-4DC8-9799-EE8BC0F54D23} = {EB989891-35DC-45C7-BA71-4D49B4EB7462}
		{D144CF2D-CF02-482D-94EA-C997342852E0} = {EB989891-35DC-45C7-BA71-4D49B4EB7462}
		{71FD9304-A02F-4E14-BD90-B5CA505A3A20} = {EB989891-35DC-45C7-BA71-4D49B4EB7462}
		{B91FA15C-0C3C-4947-8B38-C3EF4DB4EC92} = {EB989891-35DC-45C7-BA71-4D49B4EB7462}
		{6FA78183-AE51-4018-8011-4B4703286B84} = {EB989891-35DC-45C7-BA71-4D49B4EB7462}
		{AB2B5236-4536-44D4-84EF-A88190AD52A3} = {EB989891-35DC-45C7-BA71-4D49B4EB7462}
		{055D53CE-62BC-4A94-AD42-BD352C42C66F} = {EB989891-35DC-45C7-BA71-4D49B4EB7462}
		{15F5C03B-D264-47C3-8858-B1259DA117DB} = {EB989891-35DC-45C7-BA71-4D49B4EB7462}
	EndGlobalSection
EndGlobal
